{
  "name": "danse-angular",
  "version": "0.0.1",
  "lockfileVersion": 1,
  "requires": true,
  "dependencies": {
    "angular2-image-upload": {
      "version": "1.0.0-rc.0",
      "resolved": "https://registry.npmjs.org/angular2-image-upload/-/angular2-image-upload-1.0.0-rc.0.tgz",
      "integrity": "sha512-RaHX3khuliuvf6xQzcXybg81E+7AICmlqnR4H3VtT8tOfOgzUxamvfYxfgS/fk0yVLMEzEplcb3cvsz7X8unPg=="
    }
  }
}
